
Microsoft Visual Studio Solution File, Format Version 12.00
# Visual Studio Version 17
VisualStudioVersion = 17.14.36705.20
MinimumVisualStudioVersion = 10.0.40219.1
Project("{2150E333-8FDC-42A3-9474-1A3956D46DE8}") = "src", "src", "{02EA681E-C7D8-13C7-8484-4AC65E1B71E8}"
EndProject
Project("{2150E333-8FDC-42A3-9474-1A3956D46DE8}") = "doc", "doc", "{A09D16CB-B551-461A-AA02-019CE68D68D5}"
	ProjectSection(SolutionItems) = preProject
		..\..\..\Projet ARPCE\Architecture_ASPNET_Kafka_Docker_ARPCE.docx = ..\..\..\Projet ARPCE\Architecture_ASPNET_Kafka_Docker_ARPCE.docx
		..\..\..\Projet ARPCE\Documents\Document officiel de La Loi de Finance 2023 utilisé par l'ARPCE.pdf = ..\..\..\Projet ARPCE\Documents\Document officiel de La Loi de Finance 2023 utilisé par l'ARPCE.pdf
		..\..\..\Projet ARPCE\Documents\Et voici la lettre d'homologation remis dans le cas où l'équipement n'est pas homologable.pdf = ..\..\..\Projet ARPCE\Documents\Et voici la lettre d'homologation remis dans le cas où l'équipement n'est pas homologable.pdf
		..\..\..\Projet ARPCE\Documents\ETAT DE FACTURATION_CONGOREP DH 1348 du 29.10.2025.xlsx = ..\..\..\Projet ARPCE\Documents\ETAT DE FACTURATION_CONGOREP DH 1348 du 29.10.2025.xlsx
		..\..\..\Projet ARPCE\Documents\Ici un autre exemple de demande d'homologation ayant plusieurs équipements.pdf = ..\..\..\Projet ARPCE\Documents\Ici un autre exemple de demande d'homologation ayant plusieurs équipements.pdf
		..\..\..\Projet ARPCE\Documents\Le dossier d'homologation comprenant une lettre de demande d'homologation, le formulaire de demande d'homologation ainsi qu'une fiche technique jointe au dossier..pdf = ..\..\..\Projet ARPCE\Documents\Le dossier d'homologation comprenant une lettre de demande d'homologation, le formulaire de demande d'homologation ainsi qu'une fiche technique jointe au dossier..pdf
		..\..\..\Projet ARPCE\Documents\modelisation.jpg = ..\..\..\Projet ARPCE\Documents\modelisation.jpg
		..\..\..\Projet ARPCE\Documents\Preuve de paiement CREP DH 1325.pdf = ..\..\..\Projet ARPCE\Documents\Preuve de paiement CREP DH 1325.pdf
		..\..\..\Projet ARPCE\Réunion ARPCE - CDS_v1.1.docx = ..\..\..\Projet ARPCE\Réunion ARPCE - CDS_v1.1.docx
		..\..\..\Projet ARPCE\Documents\Schéma évolution statut d'une demande.pdf = ..\..\..\Projet ARPCE\Documents\Schéma évolution statut d'une demande.pdf
		..\..\..\Projet ARPCE\Documents\script complet.txt = ..\..\..\Projet ARPCE\Documents\script complet.txt
		..\..\..\Projet ARPCE\Documents\script types utilisateurs.txt = ..\..\..\Projet ARPCE\Documents\script types utilisateurs.txt
		..\..\..\Projet ARPCE\Documents\script vues sur tables de base.txt = ..\..\..\Projet ARPCE\Documents\script vues sur tables de base.txt
		..\..\..\Projet ARPCE\Documents\shema.jpg = ..\..\..\Projet ARPCE\Documents\shema.jpg
		C:\Users\Lenovo\Downloads\Status d’une demande _ mot clé.pdf = C:\Users\Lenovo\Downloads\Status d’une demande _ mot clé.pdf
	EndProjectSection
EndProject
Project("{2150E333-8FDC-42A3-9474-1A3956D46DE8}") = "tests", "tests", "{95DFDF90-F876-4FAA-A523-93676D5B3DCD}"
EndProject
Project("{FAE04EC0-301F-11D3-BF4B-00C04F79EFBC}") = "FrontOffice.Domain", "FrontOffice.Domain\FrontOffice.Domain.csproj", "{A750F7F3-D86C-4BAD-BE1D-C2C191D6C114}"
EndProject
Project("{FAE04EC0-301F-11D3-BF4B-00C04F79EFBC}") = "FrontOffice.Application", "FrontOffice.Application\FrontOffice.Application.csproj", "{2E58E38A-D25F-4994-A384-363BD4C2F423}"
EndProject
Project("{FAE04EC0-301F-11D3-BF4B-00C04F79EFBC}") = "FrontOffice.Infrastructure", "FrontOffice.Infrastructure\FrontOffice.Infrastructure.csproj", "{3B059CAE-2576-4F57-983E-220A379E8392}"
EndProject
Project("{FAE04EC0-301F-11D3-BF4B-00C04F79EFBC}") = "FrontOffice.Api", "FrontOffice.Api\FrontOffice.Api.csproj", "{3FEE0F92-63B3-4155-B177-81FCCEE55C0B}"
EndProject
Project("{FAE04EC0-301F-11D3-BF4B-00C04F79EFBC}") = "FrontOffice.Tests", "FrontOffice.Tests\FrontOffice.Tests.csproj", "{DF1C1FFF-995A-4859-A3D9-9250F3F92BCC}"
EndProject
Project("{FAE04EC0-301F-11D3-BF4B-00C04F79EFBC}") = "FrontOffice.Api.Tests", "FrontOffice.Api.Tests\FrontOffice.Api.Tests.csproj", "{D72DFCED-2B20-42CF-9A9A-3710994C9114}"
EndProject
Global
	GlobalSection(SolutionConfigurationPlatforms) = preSolution
		Debug|Any CPU = Debug|Any CPU
		Release|Any CPU = Release|Any CPU
	EndGlobalSection
	GlobalSection(ProjectConfigurationPlatforms) = postSolution
		{A750F7F3-D86C-4BAD-BE1D-C2C191D6C114}.Debug|Any CPU.ActiveCfg = Debug|Any CPU
		{A750F7F3-D86C-4BAD-BE1D-C2C191D6C114}.Debug|Any CPU.Build.0 = Debug|Any CPU
		{A750F7F3-D86C-4BAD-BE1D-C2C191D6C114}.Release|Any CPU.ActiveCfg = Release|Any CPU
		{A750F7F3-D86C-4BAD-BE1D-C2C191D6C114}.Release|Any CPU.Build.0 = Release|Any CPU
		{2E58E38A-D25F-4994-A384-363BD4C2F423}.Debug|Any CPU.ActiveCfg = Debug|Any CPU
		{2E58E38A-D25F-4994-A384-363BD4C2F423}.Debug|Any CPU.Build.0 = Debug|Any CPU
		{2E58E38A-D25F-4994-A384-363BD4C2F423}.Release|Any CPU.ActiveCfg = Release|Any CPU
		{2E58E38A-D25F-4994-A384-363BD4C2F423}.Release|Any CPU.Build.0 = Release|Any CPU
		{3B059CAE-2576-4F57-983E-220A379E8392}.Debug|Any CPU.ActiveCfg = Debug|Any CPU
		{3B059CAE-2576-4F57-983E-220A379E8392}.Debug|Any CPU.Build.0 = Debug|Any CPU
		{3B059CAE-2576-4F57-983E-220A379E8392}.Release|Any CPU.ActiveCfg = Release|Any CPU
		{3B059CAE-2576-4F57-983E-220A379E8392}.Release|Any CPU.Build.0 = Release|Any CPU
		{3FEE0F92-63B3-4155-B177-81FCCEE55C0B}.Debug|Any CPU.ActiveCfg = Debug|Any CPU
		{3FEE0F92-63B3-4155-B177-81FCCEE55C0B}.Debug|Any CPU.Build.0 = Debug|Any CPU
		{3FEE0F92-63B3-4155-B177-81FCCEE55C0B}.Release|Any CPU.ActiveCfg = Release|Any CPU
		{3FEE0F92-63B3-4155-B177-81FCCEE55C0B}.Release|Any CPU.Build.0 = Release|Any CPU
		{DF1C1FFF-995A-4859-A3D9-9250F3F92BCC}.Debug|Any CPU.ActiveCfg = Debug|Any CPU
		{DF1C1FFF-995A-4859-A3D9-9250F3F92BCC}.Debug|Any CPU.Build.0 = Debug|Any CPU
		{DF1C1FFF-995A-4859-A3D9-9250F3F92BCC}.Release|Any CPU.ActiveCfg = Release|Any CPU
		{DF1C1FFF-995A-4859-A3D9-9250F3F92BCC}.Release|Any CPU.Build.0 = Release|Any CPU
		{D72DFCED-2B20-42CF-9A9A-3710994C9114}.Debug|Any CPU.ActiveCfg = Debug|Any CPU
		{D72DFCED-2B20-42CF-9A9A-3710994C9114}.Debug|Any CPU.Build.0 = Debug|Any CPU
		{D72DFCED-2B20-42CF-9A9A-3710994C9114}.Release|Any CPU.ActiveCfg = Release|Any CPU
		{D72DFCED-2B20-42CF-9A9A-3710994C9114}.Release|Any CPU.Build.0 = Release|Any CPU
	EndGlobalSection
	GlobalSection(SolutionProperties) = preSolution
		HideSolutionNode = FALSE
	EndGlobalSection
	GlobalSection(NestedProjects) = preSolution
		{A750F7F3-D86C-4BAD-BE1D-C2C191D6C114} = {02EA681E-C7D8-13C7-8484-4AC65E1B71E8}
		{2E58E38A-D25F-4994-A384-363BD4C2F423} = {02EA681E-C7D8-13C7-8484-4AC65E1B71E8}
		{3B059CAE-2576-4F57-983E-220A379E8392} = {02EA681E-C7D8-13C7-8484-4AC65E1B71E8}
		{3FEE0F92-63B3-4155-B177-81FCCEE55C0B} = {02EA681E-C7D8-13C7-8484-4AC65E1B71E8}
	EndGlobalSection
	GlobalSection(ExtensibilityGlobals) = postSolution
		SolutionGuid = {7F4A025A-8584-4D4B-A453-F3DDCBC06C49}
	EndGlobalSection
EndGlobal
